<?xml version="1.0" encoding="utf-8"?>
<Project ToolsVersion="4.0" xmlns="http://schemas.microsoft.com/developer/msbuild/2003">
  <ItemGroup>
    <Filter Include="Source Files">
      <UniqueIdentifier>{4FC737F1-C7A5-4376-A066-2A32D752A2FF}</UniqueIdentifier>
      <Extensions>cpp;c;cc;cxx;c++;cppm;ixx;def;odl;idl;hpj;bat;asm;asmx</Extensions>
    </Filter>
    <Filter Include="Header Files">
      <UniqueIdentifier>{93995380-89BD-4b04-88EB-625FBE52EBFB}</UniqueIdentifier>
      <Extensions>h;hh;hpp;hxx;h++;hm;inl;inc;ipp;xsd</Extensions>
    </Filter>
    <Filter Include="Resource Files">
      <UniqueIdentifier>{67DA6AB6-F800-4c08-8B7A-83BB121AAD01}</UniqueIdentifier>
      <Extensions>rc;ico;cur;bmp;dlg;rc2;rct;bin;rgs;gif;jpg;jpeg;jpe;resx;tiff;tif;png;wav;mfcribbon-ms</Extensions>
    </Filter>
  </ItemGroup>
  <ItemGroup>
    <ClInclude Include="source\core\Application.h">
      <Filter>Header Files</Filter>
    </ClInclude>
    <ClInclude Include="source\Entry.h">
      <Filter>Header Files</Filter>
    </ClInclude>
    <ClInclude Include="source\core\dal\UnitOfWork.h">
      <Filter>Header Files</Filter>
    </ClInclude>
    <ClInclude Include="source\core\dal\mysql\MYSQLUnitOfWork.h">
      <Filter>Header Files</Filter>
    </ClInclude>
    <ClInclude Include="source\core\dal\UserRepository.h">
      <Filter>Header Files</Filter>
    </ClInclude>
    <ClInclude Include="source\core\dal\mysql\MYSQLUserRepository.h">
      <Filter>Header Files</Filter>
    </ClInclude>
    <ClInclude Include="source\core\dal\PersonsRepository.h">
      <Filter>Header Files</Filter>
    </ClInclude>
    <ClInclude Include="source\core\dal\mysql\MYSQLPersonsRepository.h">
      <Filter>Header Files</Filter>
    </ClInclude>
    <ClInclude Include="source\core\dal\TransactionsRepository.h">
      <Filter>Header Files</Filter>
    </ClInclude>
    <ClInclude Include="source\core\dal\mysql\MYSQLTransactionsRepository.h">
      <Filter>Header Files</Filter>
    </ClInclude>
    <ClInclude Include="source\core\dal\GroupsRepository.h">
      <Filter>Header Files</Filter>
    </ClInclude>
    <ClInclude Include="source\core\dal\mysql\MYSQLGroupsRepository.h">
      <Filter>Header Files</Filter>
    </ClInclude>
    <ClInclude Include="source\ui\InitialPage.h">
      <Filter>Header Files</Filter>
    </ClInclude>
    <ClInclude Include="source\core\logic\Users.h">
      <Filter>Header Files</Filter>
    </ClInclude>
    <ClInclude Include="source\ui\MainPage.h">
      <Filter>Header Files</Filter>
    </ClInclude>
    <ClInclude Include="source\core\logic\PersonsManager.h">
      <Filter>Header Files</Filter>
    </ClInclude>
    <ClInclude Include="source\core\logic\GroupsManager.h">
      <Filter>Header Files</Filter>
    </ClInclude>
    <ClInclude Include="source\core\logic\TransactionsManager.h">
      <Filter>Header Files</Filter>
    </ClInclude>
    <ClInclude Include="resource.h">
      <Filter>Header Files</Filter>
    </ClInclude>
    <ClInclude Include="source\core\logic\StatisticsManager.h">
      <Filter>Header Files</Filter>
    </ClInclude>
  </ItemGroup>
  <ItemGroup>
    <ClCompile Include="source\core\Application.cpp">
      <Filter>Source Files</Filter>
    </ClCompile>
    <ClCompile Include="source\Entry.cpp">
      <Filter>Source Files</Filter>
    </ClCompile>
    <ClCompile Include="source\core\dal\UnitOfWork.cpp">
      <Filter>Source Files</Filter>
    </ClCompile>
    <ClCompile Include="source\core\dal\mysql\MYSQLUnitOfWork.cpp">
      <Filter>Source Files</Filter>
    </ClCompile>
    <ClCompile Include="source\core\dal\UserRepository.cpp">
      <Filter>Source Files</Filter>
    </ClCompile>
    <ClCompile Include="source\core\dal\mysql\MYSQLUserRepository.cpp">
      <Filter>Source Files</Filter>
    </ClCompile>
    <ClCompile Include="source\core\dal\PersonsRepository.cpp">
      <Filter>Source Files</Filter>
    </ClCompile>
    <ClCompile Include="source\core\dal\mysql\MYSQLPersonsRepository.cpp">
      <Filter>Source Files</Filter>
    </ClCompile>
    <ClCompile Include="source\core\dal\TransactionsRepository.cpp">
      <Filter>Source Files</Filter>
    </ClCompile>
    <ClCompile Include="source\core\dal\mysql\MYSQLTransactionsRepository.cpp">
      <Filter>Source Files</Filter>
    </ClCompile>
    <ClCompile Include="source\core\dal\GroupsRepository.cpp">
      <Filter>Source Files</Filter>
    </ClCompile>
    <ClCompile Include="source\core\dal\mysql\MYSQLGroupsRepository.cpp">
      <Filter>Source Files</Filter>
    </ClCompile>
    <ClCompile Include="source\ui\dialog\SettingsDialog.cpp">
      <Filter>Source Files</Filter>
    </ClCompile>
    <ClCompile Include="source\ui\dialog\LoginDialog.cpp">
      <Filter>Source Files</Filter>
    </ClCompile>
    <ClCompile Include="source\ui\dialog\RegisterDialog.cpp">
      <Filter>Source Files</Filter>
    </ClCompile>
    <ClCompile Include="source\ui\InitialPage.cpp">
      <Filter>Source Files</Filter>
    </ClCompile>
    <ClCompile Include="source\ui\dialog\InitDialog.cpp">
      <Filter>Source Files</Filter>
    </ClCompile>
    <ClCompile Include="source\core\logic\Users.cpp">
      <Filter>Source Files</Filter>
    </ClCompile>
    <ClCompile Include="source\ui\panels\StudentsPanel.cpp">
      <Filter>Source Files</Filter>
    </ClCompile>
    <ClCompile Include="source\ui\MainPage.cpp">
      <Filter>Source Files</Filter>
    </ClCompile>
    <ClCompile Include="source\core\logic\PersonsManager.cpp">
      <Filter>Source Files</Filter>
    </ClCompile>
    <ClCompile Include="source\core\dal\mysql\MYSQLEnrollmentsRepository.cpp">
      <Filter>Source Files</Filter>
    </ClCompile>
    <ClCompile Include="source\core\dal\mysql\MYSQLAbsenceRepository.cpp">
      <Filter>Source Files</Filter>
    </ClCompile>
    <ClCompile Include="source\ui\panels\TeachersPanel.cpp">
      <Filter>Source Files</Filter>
    </ClCompile>
    <ClCompile Include="source\ui\panels\GroupsPanel.cpp">
      <Filter>Source Files</Filter>
    </ClCompile>
    <ClCompile Include="source\ui\panels\TransactionsPanel.cpp">
      <Filter>Source Files</Filter>
    </ClCompile>
    <ClCompile Include="source\core\logic\GroupsManager.cpp">
      <Filter>Source Files</Filter>
    </ClCompile>
    <ClCompile Include="source\core\logic\TransactionsManager.cpp">
      <Filter>Source Files</Filter>
    </ClCompile>
    <ClCompile Include="source\ui\panels\DashboardPanel.cpp">
      <Filter>Source Files</Filter>
    </ClCompile>
    <ClCompile Include="source\core\logic\StatisticsManager.cpp">
      <Filter>Source Files</Filter>
    </ClCompile>
  </ItemGroup>
  <ItemGroup>
    <ResourceCompile Include="PFE.rc">
      <Filter>Resource Files</Filter>
    </ResourceCompile>
  </ItemGroup>
  <ItemGroup>
    <Image Include="assets\icon.ico">
      <Filter>Resource Files</Filter>
    </Image>
  </ItemGroup>
</Project>